
Microsoft Visual Studio Solution File, Format Version 12.00
# Visual Studio Version 17
VisualStudioVersion = 17.2.32630.192
MinimumVisualStudioVersion = 10.0.40219.1
Project("{9A19103F-16F7-4668-BE54-9A1E7A4F7556}") = "Vasyliev_CTO", "Vasyliev_CTO\Vasyliev_CTO.csproj", "{59056440-8BC4-4B6F-B0A6-25EE14E4C12F}"
EndProject
Project("{FAE04EC0-301F-11D3-BF4B-00C04F79EFBC}") = "Vasyliev_MVC", "Vasyliev_MVC\Vasyliev_MVC.csproj", "{F5282AB8-E947-40C2-9069-F449FF9422D0}"
EndProject
Global
	GlobalSection(SolutionConfigurationPlatforms) = preSolution
		Debug|Any CPU = Debug|Any CPU
		Release|Any CPU = Release|Any CPU
	EndGlobalSection
	GlobalSection(ProjectConfigurationPlatforms) = postSolution
		{59056440-8BC4-4B6F-B0A6-25EE14E4C12F}.Debug|Any CPU.ActiveCfg = Debug|Any CPU
		{59056440-8BC4-4B6F-B0A6-25EE14E4C12F}.Debug|Any CPU.Build.0 = Debug|Any CPU
		{59056440-8BC4-4B6F-B0A6-25EE14E4C12F}.Release|Any CPU.ActiveCfg = Release|Any CPU
		{59056440-8BC4-4B6F-B0A6-25EE14E4C12F}.Release|Any CPU.Build.0 = Release|Any CPU
		{F5282AB8-E947-40C2-9069-F449FF9422D0}.Debug|Any CPU.ActiveCfg = Debug|Any CPU
		{F5282AB8-E947-40C2-9069-F449FF9422D0}.Debug|Any CPU.Build.0 = Debug|Any CPU
		{F5282AB8-E947-40C2-9069-F449FF9422D0}.Release|Any CPU.ActiveCfg = Release|Any CPU
		{F5282AB8-E947-40C2-9069-F449FF9422D0}.Release|Any CPU.Build.0 = Release|Any CPU
	EndGlobalSection
	GlobalSection(SolutionProperties) = preSolution
		HideSolutionNode = FALSE
	EndGlobalSection
	GlobalSection(ExtensibilityGlobals) = postSolution
		SolutionGuid = {AC7C34E3-9991-4527-8222-97D672A182B2}
	EndGlobalSection
EndGlobal
